
Microsoft Visual Studio Solution File, Format Version 12.00
# Visual Studio Version 17
VisualStudioVersion = 17.10.34916.146
MinimumVisualStudioVersion = 10.0.40219.1
Project("{FAE04EC0-301F-11D3-BF4B-00C04F79EFBC}") = "HW_6.0", "HW_6.0.csproj", "{747B65DB-365C-4632-AD06-6161C7E2F37C}"
EndProject
Global
	GlobalSection(SolutionConfigurationPlatforms) = preSolution
		Debug|Any CPU = Debug|Any CPU
		Release|Any CPU = Release|Any CPU
	EndGlobalSection
	GlobalSection(ProjectConfigurationPlatforms) = postSolution
		{747B65DB-365C-4632-AD06-6161C7E2F37C}.Debug|Any CPU.ActiveCfg = Debug|Any CPU
		{747B65DB-365C-4632-AD06-6161C7E2F37C}.Debug|Any CPU.Build.0 = Debug|Any CPU
		{747B65DB-365C-4632-AD06-6161C7E2F37C}.Release|Any CPU.ActiveCfg = Release|Any CPU
		{747B65DB-365C-4632-AD06-6161C7E2F37C}.Release|Any CPU.Build.0 = Release|Any CPU
	EndGlobalSection
	GlobalSection(SolutionProperties) = preSolution
		HideSolutionNode = FALSE
	EndGlobalSection
	GlobalSection(ExtensibilityGlobals) = postSolution
		SolutionGuid = {DD1D97F7-15C0-4847-8227-0D4C496EECFC}
	EndGlobalSection
EndGlobal
